{
  "nodes": {
    "agenix": {
      "inputs": {
        "darwin": [],
        "home-manager": [],
        "nixpkgs": [
          "nixpkgs-unstable"
        ],
        "systems": [
          "systems"
        ]
      },
      "locked": {
        "lastModified": 1716561646,
        "narHash": "sha256-UIGtLO89RxKt7RF2iEgPikSdU53r6v/6WYB0RW3k89I=",
        "owner": "ryantm",
        "repo": "agenix",
        "rev": "c2fc0762bbe8feb06a2e59a364fa81b3a57671c9",
        "type": "github"
      },
      "original": {
        "owner": "ryantm",
        "repo": "agenix",
        "type": "github"
      }
    },
    "airtable-telegram-bot": {
      "inputs": {
        "flake-parts": [
          "flake-parts"
        ],
        "flake-utils": [
          "flake-utils"
        ],
        "nixpkgs": [
          "nixpkgs-unstable"
        ],
        "poetry2nix": [
          "poetry2nix"
        ],
        "systems": [
          "systems"
        ]
      },
      "locked": {
        "lastModified": 1717240326,
        "narHash": "sha256-Zk1F4TKCjUJifZitJVKIsMFcPEtE+ThWtzWCqhjCSrc=",
        "ref": "refs/heads/main",
        "rev": "b1ee8354caabd20fcffb79178510dafc6e6e6f77",
        "revCount": 61,
        "type": "git",
        "url": "ssh://git@github.com/pedorich-n/airtable-telegram-lessons"
      },
      "original": {
        "type": "git",
        "url": "ssh://git@github.com/pedorich-n/airtable-telegram-lessons"
      }
    },
    "arion": {
      "inputs": {
        "flake-parts": [
          "flake-parts"
        ],
        "haskell-flake": "haskell-flake",
        "hercules-ci-effects": "hercules-ci-effects",
        "nixpkgs": [
          "nixpkgs-unstable"
        ]
      },
      "locked": {
        "lastModified": 1714877287,
        "narHash": "sha256-mf1/RfkyhzwLLeqU8AdosbBfRQuQzuVMX7XL7GejoRI=",
        "owner": "hercules-ci",
        "repo": "arion",
        "rev": "e9945eb6cdaf5c946bacd5a330e7b5ac7b3b2fdd",
        "type": "github"
      },
      "original": {
        "owner": "hercules-ci",
        "repo": "arion",
        "type": "github"
      }
    },
    "crane": {
      "inputs": {
        "nixpkgs": [
          "nixpkgs-unstable"
        ]
      },
      "locked": {
        "lastModified": 1717025063,
        "narHash": "sha256-dIubLa56W9sNNz0e8jGxrX3CAkPXsq7snuFA/Ie6dn8=",
        "owner": "ipetkov",
        "repo": "crane",
        "rev": "480dff0be03dac0e51a8dfc26e882b0d123a450e",
        "type": "github"
      },
      "original": {
        "owner": "ipetkov",
        "repo": "crane",
        "type": "github"
      }
    },
    "deploy-rs": {
      "inputs": {
        "flake-compat": [
          "flake-compat"
        ],
        "nixpkgs": [
          "nixpkgs-unstable"
        ],
        "utils": [
          "flake-utils"
        ]
      },
      "locked": {
        "lastModified": 1715699772,
        "narHash": "sha256-sKhqIgucN5sI/7UQgBwsonzR4fONjfMr9OcHK/vPits=",
        "owner": "serokell",
        "repo": "deploy-rs",
        "rev": "b3ea6f333f9057b77efd9091119ba67089399ced",
        "type": "github"
      },
      "original": {
        "owner": "serokell",
        "repo": "deploy-rs",
        "type": "github"
      }
    },
    "disko": {
      "inputs": {
        "nixpkgs": [
          "nixpkgs-unstable"
        ]
      },
      "locked": {
        "lastModified": 1717177033,
        "narHash": "sha256-G3CZJafCO8WDy3dyA2EhpUJEmzd5gMJ2IdItAg0Hijw=",
        "owner": "nix-community",
        "repo": "disko",
        "rev": "0274af4c92531ebfba4a5bd493251a143bc51f3c",
        "type": "github"
      },
      "original": {
        "owner": "nix-community",
        "repo": "disko",
        "type": "github"
      }
    },
    "fabric-modpack": {
      "inputs": {
        "flake-parts": [
          "flake-parts"
        ],
        "nixpkgs": [
          "nixpkgs-unstable"
        ],
        "packwiz2nix": "packwiz2nix",
        "systems": [
          "systems"
        ]
      },
      "locked": {
        "lastModified": 1717240405,
        "narHash": "sha256-RPkgfiwRuRcU3Qc2Cah7WTEjiGJU/IG6cIi/HaEZla8=",
        "owner": "pedorich-n",
        "repo": "FabricModpack",
        "rev": "adccc2c209899671c86dd36aa46df6088523b2ed",
        "type": "github"
      },
      "original": {
        "owner": "pedorich-n",
        "repo": "FabricModpack",
        "type": "github"
      }
    },
    "flake-compat": {
      "flake": false,
      "locked": {
        "lastModified": 1696426674,
        "narHash": "sha256-kvjfFW7WAETZlt09AgDn1MrtKzP7t90Vf7vypd3OL1U=",
        "owner": "edolstra",
        "repo": "flake-compat",
        "rev": "0f9255e01c2351cc7d116c072cb317785dd33b33",
        "type": "github"
      },
      "original": {
        "owner": "edolstra",
        "repo": "flake-compat",
        "type": "github"
      }
    },
    "flake-parts": {
      "inputs": {
        "nixpkgs-lib": [
          "arion",
          "hercules-ci-effects",
          "nixpkgs"
        ]
      },
      "locked": {
        "lastModified": 1712014858,
        "narHash": "sha256-sB4SWl2lX95bExY2gMFG5HIzvva5AVMJd4Igm+GpZNw=",
        "owner": "hercules-ci",
        "repo": "flake-parts",
        "rev": "9126214d0a59633752a136528f5f3b9aa8565b7d",
        "type": "github"
      },
      "original": {
        "id": "flake-parts",
        "type": "indirect"
      }
    },
    "flake-parts_2": {
      "inputs": {
        "nixpkgs-lib": "nixpkgs-lib"
      },
      "locked": {
        "lastModified": 1715865404,
        "narHash": "sha256-/GJvTdTpuDjNn84j82cU6bXztE0MSkdnTWClUCRub78=",
        "owner": "hercules-ci",
        "repo": "flake-parts",
        "rev": "8dc45382d5206bd292f9c2768b8058a8fd8311d9",
        "type": "github"
      },
      "original": {
        "owner": "hercules-ci",
        "repo": "flake-parts",
        "type": "github"
      }
    },
    "flake-utils": {
      "inputs": {
        "systems": [
          "systems"
        ]
      },
      "locked": {
        "lastModified": 1710146030,
        "narHash": "sha256-SZ5L6eA7HJ/nmkzGG7/ISclqe6oZdOZTNoesiInkXPQ=",
        "owner": "numtide",
        "repo": "flake-utils",
        "rev": "b1d9ab70662946ef0850d488da1c9019f3a9752a",
        "type": "github"
      },
      "original": {
        "owner": "numtide",
        "repo": "flake-utils",
        "type": "github"
      }
    },
    "haskell-flake": {
      "locked": {
        "lastModified": 1675296942,
        "narHash": "sha256-u1X1sblozi5qYEcLp1hxcyo8FfDHnRUVX3dJ/tW19jY=",
        "owner": "srid",
        "repo": "haskell-flake",
        "rev": "c2cafce9d57bfca41794dc3b99c593155006c71e",
        "type": "github"
      },
      "original": {
        "owner": "srid",
        "ref": "0.1.0",
        "repo": "haskell-flake",
        "type": "github"
      }
    },
    "haumea": {
      "inputs": {
        "nixpkgs": [
          "nixpkgs"
        ]
      },
      "locked": {
        "lastModified": 1708375098,
        "narHash": "sha256-DaFJp3wDHgOqx98U0SF57bXaH2Orp106c+jSdPCVu1E=",
        "owner": "nix-community",
        "repo": "haumea",
        "rev": "ec6350fd9353e7f27ce0e85d31f82e3ed73e4d70",
        "type": "github"
      },
      "original": {
        "owner": "nix-community",
        "repo": "haumea",
        "type": "github"
      }
    },
    "hercules-ci-effects": {
      "inputs": {
        "flake-parts": "flake-parts",
        "nixpkgs": [
          "arion",
          "nixpkgs"
        ]
      },
      "locked": {
        "lastModified": 1713898448,
        "narHash": "sha256-6q6ojsp/Z9P2goqnxyfCSzFOD92T3Uobmj8oVAicUOs=",
        "owner": "hercules-ci",
        "repo": "hercules-ci-effects",
        "rev": "c0302ec12d569532a6b6bd218f698bc402e93adc",
        "type": "github"
      },
      "original": {
        "owner": "hercules-ci",
        "repo": "hercules-ci-effects",
        "type": "github"
      }
    },
    "home-server-nixos-secrets": {
      "flake": false,
      "locked": {
        "lastModified": 1717499726,
        "narHash": "sha256-TXRnXUCPH323skE9LhxehKTXtxgbSey8luZHg4B+Rxc=",
        "ref": "music-history",
        "rev": "39f430fb1b4a2fe51dcef7fb8dded0b89639809e",
        "revCount": 71,
        "type": "git",
        "url": "ssh://git@github.com/pedorich-n/home-server-nixos-secrets"
      },
      "original": {
        "ref": "music-history",
        "type": "git",
        "url": "ssh://git@github.com/pedorich-n/home-server-nixos-secrets"
      }
    },
    "homer-theme": {
      "flake": false,
      "locked": {
        "lastModified": 1676025017,
        "narHash": "sha256-Oj0PGa70VxSwxg0AtIla+OHmbDHVXXg0qHebssDyiP8=",
        "owner": "walkxcode",
        "repo": "homer-theme",
        "rev": "88f17f2eaaffe6466c3d940c6f15b41a6e255bd2",
        "type": "github"
      },
      "original": {
        "owner": "walkxcode",
        "repo": "homer-theme",
        "type": "github"
      }
    },
    "nix-minecraft": {
      "inputs": {
        "flake-compat": [
          "flake-compat"
        ],
        "flake-utils": [
          "flake-utils"
        ],
        "nixpkgs": [
          "nixpkgs-unstable"
        ]
      },
      "locked": {
        "lastModified": 1717205275,
        "narHash": "sha256-gd7kkX3wUmzy2yzfXg4lrhmPIq07iy7JNbUlbLiSpTQ=",
        "owner": "Infinidoge",
        "repo": "nix-minecraft",
        "rev": "1458819418f0c66c7421941e80179da70bfae370",
        "type": "github"
      },
      "original": {
        "owner": "Infinidoge",
        "repo": "nix-minecraft",
        "type": "github"
      }
    },
    "nixos-mutable-files-manager": {
      "inputs": {
        "flake-parts": [
          "flake-parts"
        ],
        "flake-utils": [
          "flake-utils"
        ],
        "nixpkgs": [
          "nixpkgs-unstable"
        ],
        "poetry2nix": [
          "poetry2nix"
        ],
        "systems": [
          "systems"
        ]
      },
      "locked": {
        "lastModified": 1717240354,
        "narHash": "sha256-VDMoMMG0abMNpdUB66HAYw5ASxBFyjRP6IdsKXr1dIE=",
        "owner": "pedorich-n",
        "repo": "nixos-mutable-files-manager",
        "rev": "60082b19a3b0036c58eb8fef2ddfcd2b7cc59715",
        "type": "github"
      },
      "original": {
        "owner": "pedorich-n",
        "repo": "nixos-mutable-files-manager",
        "type": "github"
      }
    },
    "nixpkgs": {
      "locked": {
        "lastModified": 1717144377,
        "narHash": "sha256-F/TKWETwB5RaR8owkPPi+SPJh83AQsm6KrQAlJ8v/uA=",
        "owner": "NixOS",
        "repo": "nixpkgs",
        "rev": "805a384895c696f802a9bf5bf4720f37385df547",
        "type": "github"
      },
      "original": {
        "owner": "NixOS",
        "ref": "nixos-24.05",
        "repo": "nixpkgs",
        "type": "github"
      }
    },
    "nixpkgs-lib": {
      "locked": {
        "lastModified": 1714640452,
        "narHash": "sha256-QBx10+k6JWz6u7VsohfSw8g8hjdBZEf8CFzXH1/1Z94=",
        "type": "tarball",
        "url": "https://github.com/NixOS/nixpkgs/archive/50eb7ecf4cd0a5756d7275c8ba36790e5bd53e33.tar.gz"
      },
      "original": {
        "type": "tarball",
        "url": "https://github.com/NixOS/nixpkgs/archive/50eb7ecf4cd0a5756d7275c8ba36790e5bd53e33.tar.gz"
      }
    },
    "nixpkgs-netdata-45": {
      "locked": {
        "lastModified": 1714397472,
        "narHash": "sha256-b30Gy5vyRRBNHpH3UtTZNWQDqE+yiq3tSrPegH8vrlU=",
        "owner": "RaitoBezarius",
        "repo": "nixpkgs",
        "rev": "91930f8725cda67b723cb37d52f5ce82e0887a7e",
        "type": "github"
      },
      "original": {
        "owner": "RaitoBezarius",
        "ref": "netdata-45",
        "repo": "nixpkgs",
        "type": "github"
      }
    },
    "nixpkgs-podman-module": {
      "locked": {
        "lastModified": 1714146291,
        "narHash": "sha256-jVsJcwiKtjDqrqaOfm/qkA7GOO0UcPyeDWKD37y/oYk=",
        "owner": "hercules-ci",
        "repo": "nixpkgs",
        "rev": "151d8edbf3b89caeea4a70cf4193ce5dcf493e81",
        "type": "github"
      },
      "original": {
        "owner": "hercules-ci",
        "ref": "podman-real-docker-socket",
        "repo": "nixpkgs",
        "type": "github"
      }
    },
    "nixpkgs-unstable": {
      "locked": {
        "lastModified": 1716948383,
        "narHash": "sha256-SzDKxseEcHR5KzPXLwsemyTR/kaM9whxeiJohbL04rs=",
        "owner": "NixOS",
        "repo": "nixpkgs",
        "rev": "ad57eef4ef0659193044870c731987a6df5cf56b",
        "type": "github"
      },
      "original": {
        "owner": "NixOS",
        "ref": "nixos-unstable",
        "repo": "nixpkgs",
        "type": "github"
      }
    },
    "packwiz2nix": {
      "inputs": {
        "nixpkgs": [
          "fabric-modpack",
          "nixpkgs"
        ]
      },
      "locked": {
        "lastModified": 1695101165,
        "narHash": "sha256-Epv0PEu1s9kLEohWOSBAsFVRNC9z9UAazdYIwKF0Ptw=",
        "owner": "getchoo",
        "repo": "packwiz2nix",
        "rev": "92ef4547a654cbad32ee2f6488bd816717cbfe96",
        "type": "github"
      },
      "original": {
        "owner": "getchoo",
        "ref": "rewrite",
        "repo": "packwiz2nix",
        "type": "github"
      }
    },
    "playit-agent-source": {
      "flake": false,
      "locked": {
        "lastModified": 1709245332,
        "narHash": "sha256-RRN0KAgFVXQGU6LdNWClBFlqO+Nl4SMNXDWfV0lOhAE=",
        "owner": "playit-cloud",
        "repo": "playit-agent",
        "rev": "ccac738805be49e657f55bd78cd7021a6fc0e9f6",
        "type": "github"
      },
      "original": {
        "owner": "playit-cloud",
        "repo": "playit-agent",
        "type": "github"
      }
    },
    "playit-nixos-module": {
      "inputs": {
        "crane": [
          "crane"
        ],
        "flake-parts": [
          "flake-parts"
        ],
        "flake-utils": [
          "flake-utils"
        ],
        "nixpkgs": [
          "nixpkgs-unstable"
        ],
        "playit-agent-source": "playit-agent-source",
        "rust-overlay": [
          "rust-overlay"
        ],
        "systems": [
          "systems"
        ]
      },
      "locked": {
        "lastModified": 1717240434,
        "narHash": "sha256-5E8dsmaEAHJlhu402a9jx1XTdzwUejl83QaGI2ND0gI=",
        "owner": "pedorich-n",
        "repo": "playit-nixos-module",
        "rev": "942d72995115e69bf8e0a947445a21cb32f25aeb",
        "type": "github"
      },
      "original": {
        "owner": "pedorich-n",
        "repo": "playit-nixos-module",
        "type": "github"
      }
    },
    "poetry2nix": {
      "inputs": {
        "flake-utils": [
          "flake-utils"
        ],
        "nix-github-actions": [],
        "nixpkgs": [
          "nixpkgs-unstable"
        ],
        "systems": [
          "systems"
        ],
        "treefmt-nix": []
      },
      "locked": {
        "lastModified": 1717171636,
        "narHash": "sha256-SwqzDI7ddN8SkfJ0moYMRu9iastqI25YAHPpmI2PlYM=",
        "owner": "nix-community",
        "repo": "poetry2nix",
        "rev": "3bad7d0f33e6fd09205a19aab01e10af532198f9",
        "type": "github"
      },
      "original": {
        "owner": "nix-community",
        "repo": "poetry2nix",
        "type": "github"
      }
    },
    "root": {
      "inputs": {
        "agenix": "agenix",
        "airtable-telegram-bot": "airtable-telegram-bot",
        "arion": "arion",
        "crane": "crane",
        "deploy-rs": "deploy-rs",
        "disko": "disko",
        "fabric-modpack": "fabric-modpack",
        "flake-compat": "flake-compat",
        "flake-parts": "flake-parts_2",
        "flake-utils": "flake-utils",
        "haumea": "haumea",
        "home-server-nixos-secrets": "home-server-nixos-secrets",
        "homer-theme": "homer-theme",
        "nix-minecraft": "nix-minecraft",
        "nixos-mutable-files-manager": "nixos-mutable-files-manager",
        "nixpkgs": "nixpkgs",
        "nixpkgs-netdata-45": "nixpkgs-netdata-45",
        "nixpkgs-podman-module": "nixpkgs-podman-module",
        "nixpkgs-unstable": "nixpkgs-unstable",
        "playit-nixos-module": "playit-nixos-module",
        "poetry2nix": "poetry2nix",
        "rust-overlay": "rust-overlay",
        "systems": "systems"
      }
    },
    "rust-overlay": {
      "inputs": {
        "flake-utils": [
          "flake-utils"
        ],
        "nixpkgs": [
          "nixpkgs"
        ]
      },
      "locked": {
        "lastModified": 1717208326,
        "narHash": "sha256-4gVhbC+NjSQ4c6cJvJGNCI1oTcD+8jRRNAnOF9faGCE=",
        "owner": "oxalica",
        "repo": "rust-overlay",
        "rev": "ab69b67fac9a96709fbef0b899db308ca714a120",
        "type": "github"
      },
      "original": {
        "owner": "oxalica",
        "repo": "rust-overlay",
        "type": "github"
      }
    },
    "systems": {
      "locked": {
        "lastModified": 1689347949,
        "narHash": "sha256-12tWmuL2zgBgZkdoB6qXZsgJEH9LR3oUgpaQq2RbI80=",
        "owner": "nix-systems",
        "repo": "default-linux",
        "rev": "31732fcf5e8fea42e59c2488ad31a0e651500f68",
        "type": "github"
      },
      "original": {
        "owner": "nix-systems",
        "repo": "default-linux",
        "type": "github"
      }
    }
  },
  "root": "root",
  "version": 7
}
