{
  "nodes": {
    "agenix": {
      "inputs": {
        "darwin": [],
        "home-manager": [],
        "nixpkgs": [
          "nixpkgs-unstable"
        ],
        "systems": [
          "systems"
        ]
      },
      "locked": {
        "lastModified": 1723293904,
        "narHash": "sha256-b+uqzj+Wa6xgMS9aNbX4I+sXeb5biPDi39VgvSFqFvU=",
        "owner": "ryantm",
        "repo": "agenix",
        "rev": "f6291c5935fdc4e0bef208cfc0dcab7e3f7a1c41",
        "type": "github"
      },
      "original": {
        "owner": "ryantm",
        "repo": "agenix",
        "type": "github"
      }
    },
    "airtable-telegram-bot": {
      "inputs": {
        "flake-parts": [
          "flake-parts"
        ],
        "flake-utils": [
          "flake-utils"
        ],
        "nixpkgs": [
          "nixpkgs-unstable"
        ],
        "poetry2nix": [
          "poetry2nix"
        ],
        "systems": [
          "systems"
        ]
      },
      "locked": {
        "lastModified": 1724035949,
        "narHash": "sha256-cLgi8I39RtauemqLmex/gS6u57ifXESGw4zoAGGvgyE=",
        "ref": "refs/heads/main",
        "rev": "d21a4c1bddfd2fb1819ded24579e31cbdc7f05ce",
        "revCount": 74,
        "type": "git",
        "url": "ssh://git@github.com/pedorich-n/airtable-telegram-lessons"
      },
      "original": {
        "type": "git",
        "url": "ssh://git@github.com/pedorich-n/airtable-telegram-lessons"
      }
    },
    "arion": {
      "inputs": {
        "flake-parts": [
          "flake-parts"
        ],
        "haskell-flake": "haskell-flake",
        "hercules-ci-effects": "hercules-ci-effects",
        "nixpkgs": [
          "nixpkgs-unstable"
        ]
      },
      "locked": {
        "lastModified": 1722825873,
        "narHash": "sha256-bFNXkD+s9NuidZePiJAjjFUnsMOwXb7hEZ4JEDdSALw=",
        "owner": "hercules-ci",
        "repo": "arion",
        "rev": "90bc85532767c785245f5c1e29ebfecb941cf8c9",
        "type": "github"
      },
      "original": {
        "owner": "hercules-ci",
        "repo": "arion",
        "type": "github"
      }
    },
    "crane": {
      "inputs": {
        "nixpkgs": [
          "playit-nixos-module",
          "nixpkgs"
        ]
      },
      "locked": {
        "lastModified": 1722960479,
        "narHash": "sha256-NhCkJJQhD5GUib8zN9JrmYGMwt4lCRp6ZVNzIiYCl0Y=",
        "owner": "ipetkov",
        "repo": "crane",
        "rev": "4c6c77920b8d44cd6660c1621dea6b3fc4b4c4f4",
        "type": "github"
      },
      "original": {
        "owner": "ipetkov",
        "repo": "crane",
        "type": "github"
      }
    },
    "deploy-rs": {
      "inputs": {
        "flake-compat": [
          "flake-compat"
        ],
        "nixpkgs": [
          "nixpkgs-unstable"
        ],
        "utils": [
          "flake-utils"
        ]
      },
      "locked": {
        "lastModified": 1718194053,
        "narHash": "sha256-FaGrf7qwZ99ehPJCAwgvNY5sLCqQ3GDiE/6uLhxxwSY=",
        "owner": "serokell",
        "repo": "deploy-rs",
        "rev": "3867348fa92bc892eba5d9ddb2d7a97b9e127a8a",
        "type": "github"
      },
      "original": {
        "owner": "serokell",
        "repo": "deploy-rs",
        "type": "github"
      }
    },
    "disko": {
      "inputs": {
        "nixpkgs": [
          "nixpkgs-unstable"
        ]
      },
      "locked": {
        "lastModified": 1724163524,
        "narHash": "sha256-3A06DYw47oSLYMalkWDLzTMHC0MKgm1mNfaca9sqUnI=",
        "owner": "nix-community",
        "repo": "disko",
        "rev": "c7b14da22e302e0f9d7aa4df26b61016bcedf738",
        "type": "github"
      },
      "original": {
        "owner": "nix-community",
        "repo": "disko",
        "type": "github"
      }
    },
    "flake-compat": {
      "flake": false,
      "locked": {
        "lastModified": 1696426674,
        "narHash": "sha256-kvjfFW7WAETZlt09AgDn1MrtKzP7t90Vf7vypd3OL1U=",
        "owner": "edolstra",
        "repo": "flake-compat",
        "rev": "0f9255e01c2351cc7d116c072cb317785dd33b33",
        "type": "github"
      },
      "original": {
        "owner": "edolstra",
        "repo": "flake-compat",
        "type": "github"
      }
    },
    "flake-parts": {
      "inputs": {
        "nixpkgs-lib": [
          "arion",
          "hercules-ci-effects",
          "nixpkgs"
        ]
      },
      "locked": {
        "lastModified": 1712014858,
        "narHash": "sha256-sB4SWl2lX95bExY2gMFG5HIzvva5AVMJd4Igm+GpZNw=",
        "owner": "hercules-ci",
        "repo": "flake-parts",
        "rev": "9126214d0a59633752a136528f5f3b9aa8565b7d",
        "type": "github"
      },
      "original": {
        "id": "flake-parts",
        "type": "indirect"
      }
    },
    "flake-parts_2": {
      "inputs": {
        "nixpkgs-lib": "nixpkgs-lib"
      },
      "locked": {
        "lastModified": 1722555600,
        "narHash": "sha256-XOQkdLafnb/p9ij77byFQjDf5m5QYl9b2REiVClC+x4=",
        "owner": "hercules-ci",
        "repo": "flake-parts",
        "rev": "8471fe90ad337a8074e957b69ca4d0089218391d",
        "type": "github"
      },
      "original": {
        "owner": "hercules-ci",
        "repo": "flake-parts",
        "type": "github"
      }
    },
    "flake-utils": {
      "inputs": {
        "systems": [
          "systems"
        ]
      },
      "locked": {
        "lastModified": 1710146030,
        "narHash": "sha256-SZ5L6eA7HJ/nmkzGG7/ISclqe6oZdOZTNoesiInkXPQ=",
        "owner": "numtide",
        "repo": "flake-utils",
        "rev": "b1d9ab70662946ef0850d488da1c9019f3a9752a",
        "type": "github"
      },
      "original": {
        "owner": "numtide",
        "repo": "flake-utils",
        "type": "github"
      }
    },
    "haskell-flake": {
      "locked": {
        "lastModified": 1675296942,
        "narHash": "sha256-u1X1sblozi5qYEcLp1hxcyo8FfDHnRUVX3dJ/tW19jY=",
        "owner": "srid",
        "repo": "haskell-flake",
        "rev": "c2cafce9d57bfca41794dc3b99c593155006c71e",
        "type": "github"
      },
      "original": {
        "owner": "srid",
        "ref": "0.1.0",
        "repo": "haskell-flake",
        "type": "github"
      }
    },
    "haumea": {
      "inputs": {
        "nixpkgs": [
          "nixpkgs"
        ]
      },
      "locked": {
        "lastModified": 1708375098,
        "narHash": "sha256-DaFJp3wDHgOqx98U0SF57bXaH2Orp106c+jSdPCVu1E=",
        "owner": "nix-community",
        "repo": "haumea",
        "rev": "ec6350fd9353e7f27ce0e85d31f82e3ed73e4d70",
        "type": "github"
      },
      "original": {
        "owner": "nix-community",
        "repo": "haumea",
        "type": "github"
      }
    },
    "hercules-ci-effects": {
      "inputs": {
        "flake-parts": "flake-parts",
        "nixpkgs": [
          "arion",
          "nixpkgs"
        ]
      },
      "locked": {
        "lastModified": 1719226092,
        "narHash": "sha256-YNkUMcCUCpnULp40g+svYsaH1RbSEj6s4WdZY/SHe38=",
        "owner": "hercules-ci",
        "repo": "hercules-ci-effects",
        "rev": "11e4b8dc112e2f485d7c97e1cee77f9958f498f5",
        "type": "github"
      },
      "original": {
        "owner": "hercules-ci",
        "repo": "hercules-ci-effects",
        "type": "github"
      }
    },
    "home-manager": {
      "inputs": {
        "nixpkgs": [
          "nixpkgs-unstable"
        ]
      },
      "locked": {
        "lastModified": 1724435763,
        "narHash": "sha256-UNky3lJNGQtUEXT2OY8gMxejakSWPTfWKvpFkpFlAfM=",
        "owner": "nix-community",
        "repo": "home-manager",
        "rev": "c2cd2a52e02f1dfa1c88f95abeb89298d46023be",
        "type": "github"
      },
      "original": {
        "owner": "nix-community",
        "repo": "home-manager",
        "type": "github"
      }
    },
    "home-server-nixos-secrets": {
      "flake": false,
      "locked": {
        "lastModified": 1723635822,
        "narHash": "sha256-VnF1coOntNKayZKmt5/bFdHkTJPNBI0CbjbBJuBETcE=",
        "ref": "refs/heads/main",
        "rev": "6f1538db313d695004d0a2caab623c1d966fb1b4",
        "revCount": 79,
        "type": "git",
        "url": "ssh://git@github.com/pedorich-n/home-server-nixos-secrets"
      },
      "original": {
        "type": "git",
        "url": "ssh://git@github.com/pedorich-n/home-server-nixos-secrets"
      }
    },
    "homer-theme": {
      "flake": false,
      "locked": {
        "lastModified": 1676025017,
        "narHash": "sha256-Oj0PGa70VxSwxg0AtIla+OHmbDHVXXg0qHebssDyiP8=",
        "owner": "walkxcode",
        "repo": "homer-theme",
        "rev": "88f17f2eaaffe6466c3d940c6f15b41a6e255bd2",
        "type": "github"
      },
      "original": {
        "owner": "walkxcode",
        "repo": "homer-theme",
        "type": "github"
      }
    },
    "jinja2-renderer": {
      "inputs": {
        "flake-parts": [
          "flake-parts"
        ],
        "flake-utils": [
          "flake-utils"
        ],
        "nixpkgs": [
          "nixpkgs-unstable"
        ],
        "poetry2nix": [
          "poetry2nix"
        ],
        "systems": [
          "systems"
        ]
      },
      "locked": {
        "lastModified": 1724769853,
        "narHash": "sha256-AlMy/NtSgvgQyJT5idRzocLY7bmxB/rA3d4WUwnOOcw=",
        "owner": "pedorich-n",
        "repo": "jinja2-renderer",
        "rev": "f8ec81d0e37c5b110332f249aaf6a767b2fd31e5",
        "type": "github"
      },
      "original": {
        "owner": "pedorich-n",
        "repo": "jinja2-renderer",
        "type": "github"
      }
    },
    "minecraft-modpack": {
      "inputs": {
        "flake-parts": [
          "flake-parts"
        ],
        "nixpkgs": [
          "nixpkgs-unstable"
        ],
        "packwiz2nix": "packwiz2nix",
        "systems": [
          "systems"
        ]
      },
      "locked": {
        "lastModified": 1723635779,
        "narHash": "sha256-cYnUF4dByzkFnBgZGcD9Je7FOZyyjsNGX0Co3IdcmNE=",
        "owner": "pedorich-n",
        "repo": "MinecraftModpack",
        "rev": "774ebfe4c8445d7fbbb8fa7000b70e65ac10f788",
        "type": "github"
      },
      "original": {
        "owner": "pedorich-n",
        "repo": "MinecraftModpack",
        "type": "github"
      }
    },
    "nix-minecraft": {
      "inputs": {
        "flake-compat": [
          "flake-compat"
        ],
        "flake-utils": [
          "flake-utils"
        ],
        "nixpkgs": [
          "nixpkgs-unstable"
        ]
      },
      "locked": {
        "lastModified": 1724117732,
        "narHash": "sha256-YukZGv8DyHYWeKMX3e/f12ShvB1fuBjIYgRP91huP28=",
        "owner": "Infinidoge",
        "repo": "nix-minecraft",
        "rev": "a8e3133e397a53a3674837a0e8a1efa3b7378da7",
        "type": "github"
      },
      "original": {
        "owner": "Infinidoge",
        "repo": "nix-minecraft",
        "type": "github"
      }
    },
    "nixpkgs": {
      "locked": {
        "lastModified": 1724098845,
        "narHash": "sha256-D5HwjQw/02fuXbR4LCTo64koglP2j99hkDR79/3yLOE=",
        "owner": "NixOS",
        "repo": "nixpkgs",
        "rev": "f1bad50880bae73ff2d82fafc22010b4fc097a9c",
        "type": "github"
      },
      "original": {
        "owner": "NixOS",
        "ref": "nixos-24.05",
        "repo": "nixpkgs",
        "type": "github"
      }
    },
    "nixpkgs-lib": {
      "locked": {
        "lastModified": 1722555339,
        "narHash": "sha256-uFf2QeW7eAHlYXuDktm9c25OxOyCoUOQmh5SZ9amE5Q=",
        "type": "tarball",
        "url": "https://github.com/NixOS/nixpkgs/archive/a5d394176e64ab29c852d03346c1fc9b0b7d33eb.tar.gz"
      },
      "original": {
        "type": "tarball",
        "url": "https://github.com/NixOS/nixpkgs/archive/a5d394176e64ab29c852d03346c1fc9b0b7d33eb.tar.gz"
      }
    },
    "nixpkgs-netdata-146": {
      "locked": {
        "lastModified": 1722046340,
        "narHash": "sha256-DT1EWCUKgZtdCpCAdSreeNUz8/tVWicyoeqBYc/mluU=",
        "owner": "pedorich-n",
        "repo": "nixpkgs",
        "rev": "a6d39b7bb991fa0bcf2ab128d3cc6d146eec2d0a",
        "type": "github"
      },
      "original": {
        "owner": "pedorich-n",
        "ref": "netdata-improvements",
        "repo": "nixpkgs",
        "type": "github"
      }
    },
    "nixpkgs-unstable": {
      "locked": {
        "lastModified": 1723991338,
        "narHash": "sha256-Grh5PF0+gootJfOJFenTTxDTYPidA3V28dqJ/WV7iis=",
        "owner": "NixOS",
        "repo": "nixpkgs",
        "rev": "8a3354191c0d7144db9756a74755672387b702ba",
        "type": "github"
      },
      "original": {
        "owner": "NixOS",
        "ref": "nixos-unstable",
        "repo": "nixpkgs",
        "type": "github"
      }
    },
    "packwiz2nix": {
      "inputs": {
        "nixpkgs": [
          "minecraft-modpack",
          "nixpkgs"
        ]
      },
      "locked": {
        "lastModified": 1695101165,
        "narHash": "sha256-Epv0PEu1s9kLEohWOSBAsFVRNC9z9UAazdYIwKF0Ptw=",
        "owner": "getchoo",
        "repo": "packwiz2nix",
        "rev": "92ef4547a654cbad32ee2f6488bd816717cbfe96",
        "type": "github"
      },
      "original": {
        "owner": "getchoo",
        "ref": "rewrite",
        "repo": "packwiz2nix",
        "type": "github"
      }
    },
    "personal-home-manager": {
      "inputs": {
        "flake-parts": [
          "flake-parts"
        ],
        "flake-utils": [
          "flake-utils"
        ],
        "haumea": [
          "haumea"
        ],
        "home-manager": [
          "home-manager"
        ],
        "home-manager-diff": [],
        "nix-vscode-extensions": [],
        "nixpkgs": [
          "nixpkgs-unstable"
        ],
        "rust-overlay": [],
        "systems": [
          "systems"
        ],
        "tomorrow-theme-source": "tomorrow-theme-source"
      },
      "locked": {
        "lastModified": 1725019863,
        "narHash": "sha256-Cx5Rfrm4PUR0q5QZZQeE8pUR/w+TeUtiF9LhKXCJ0Lk=",
        "ref": "refs/heads/main",
        "rev": "8a1fada49a309a401b785767258a13578cb3a31c",
        "revCount": 378,
        "type": "git",
        "url": "ssh://git@github.com/pedorich-n/config.nix"
      },
      "original": {
        "type": "git",
        "url": "ssh://git@github.com/pedorich-n/config.nix"
      }
    },
    "playit-agent-source": {
      "flake": false,
      "locked": {
        "lastModified": 1723507977,
        "narHash": "sha256-J6vWwjKWT6P6ioEfFrvm6gyd/pz0qk26H5wWR6ZKhTQ=",
        "owner": "playit-cloud",
        "repo": "playit-agent",
        "rev": "79c0d42b7caed5f6b4e43cadab85e0e4c275373a",
        "type": "github"
      },
      "original": {
        "owner": "playit-cloud",
        "repo": "playit-agent",
        "type": "github"
      }
    },
    "playit-nixos-module": {
      "inputs": {
        "crane": "crane",
        "flake-parts": [
          "flake-parts"
        ],
        "nixpkgs": [
          "nixpkgs-unstable"
        ],
        "playit-agent-source": "playit-agent-source",
        "rust-overlay": "rust-overlay",
        "systems": [
          "systems"
        ]
      },
      "locked": {
        "lastModified": 1724117920,
        "narHash": "sha256-gbzqhnIy5ZTFby5Jl2fI/Ow5byQ/UG9B8N43zACbZyw=",
        "owner": "pedorich-n",
        "repo": "playit-nixos-module",
        "rev": "0d21dcff091d7a8cf66268cd4ce8305e6bb7649c",
        "type": "github"
      },
      "original": {
        "owner": "pedorich-n",
        "repo": "playit-nixos-module",
        "type": "github"
      }
    },
    "poetry2nix": {
      "inputs": {
        "flake-utils": [
          "flake-utils"
        ],
        "nix-github-actions": [],
        "nixpkgs": [
          "nixpkgs-unstable"
        ],
        "systems": [
          "systems"
        ],
        "treefmt-nix": []
      },
      "locked": {
        "lastModified": 1724208502,
        "narHash": "sha256-TCRcEPSfgAw/t7kClmlr23s591N06mQCrhzlAO7cyFw=",
        "owner": "nix-community",
        "repo": "poetry2nix",
        "rev": "884b66152b0c625b8220b570a31dc7acc36749a3",
        "type": "github"
      },
      "original": {
        "owner": "nix-community",
        "repo": "poetry2nix",
        "type": "github"
      }
    },
    "root": {
      "inputs": {
        "agenix": "agenix",
        "airtable-telegram-bot": "airtable-telegram-bot",
        "arion": "arion",
        "deploy-rs": "deploy-rs",
        "disko": "disko",
        "flake-compat": "flake-compat",
        "flake-parts": "flake-parts_2",
        "flake-utils": "flake-utils",
        "haumea": "haumea",
        "home-manager": "home-manager",
        "home-server-nixos-secrets": "home-server-nixos-secrets",
        "homer-theme": "homer-theme",
        "jinja2-renderer": "jinja2-renderer",
        "minecraft-modpack": "minecraft-modpack",
        "nix-minecraft": "nix-minecraft",
        "nixpkgs": "nixpkgs",
        "nixpkgs-netdata-146": "nixpkgs-netdata-146",
        "nixpkgs-unstable": "nixpkgs-unstable",
        "personal-home-manager": "personal-home-manager",
        "playit-nixos-module": "playit-nixos-module",
        "poetry2nix": "poetry2nix",
        "systems": "systems"
      }
    },
    "rust-overlay": {
      "inputs": {
        "nixpkgs": [
          "playit-nixos-module",
          "nixpkgs"
        ]
      },
      "locked": {
        "lastModified": 1723602049,
        "narHash": "sha256-Z/noCSn9WPkv7O77dWKLcBxe4Ub4bWyNzsL5JhjaQfw=",
        "owner": "oxalica",
        "repo": "rust-overlay",
        "rev": "ea0bf33a11a26a62c60123c49d96011da396602c",
        "type": "github"
      },
      "original": {
        "owner": "oxalica",
        "repo": "rust-overlay",
        "type": "github"
      }
    },
    "systems": {
      "locked": {
        "lastModified": 1689347949,
        "narHash": "sha256-12tWmuL2zgBgZkdoB6qXZsgJEH9LR3oUgpaQq2RbI80=",
        "owner": "nix-systems",
        "repo": "default-linux",
        "rev": "31732fcf5e8fea42e59c2488ad31a0e651500f68",
        "type": "github"
      },
      "original": {
        "owner": "nix-systems",
        "repo": "default-linux",
        "type": "github"
      }
    },
    "tomorrow-theme-source": {
      "flake": false,
      "locked": {
        "lastModified": 1657362863,
        "narHash": "sha256-G9NOFKP9GX8lKIoHVska6xAY9AKKMenZuVkx0YgfQyA=",
        "owner": "chriskempson",
        "repo": "tomorrow-theme",
        "rev": "ccf6666d888198d341b26b3a99d0bc96500ad503",
        "type": "github"
      },
      "original": {
        "owner": "chriskempson",
        "repo": "tomorrow-theme",
        "type": "github"
      }
    }
  },
  "root": "root",
  "version": 7
}
