name: Update flake.lock
on:
  workflow_dispatch: # allows manual triggering
  schedule:
    - cron: "0 10 1 * *"

jobs:
  update-flake-lock:
    uses: pedorich-n/github-workflows/.github/workflows/update-flake-lock.yaml@4d50a53f6c21f611aff2bc80ac245b5368f4ff95 # main
    with:
      app_client_id: ${{ vars.APP_CLIENT_ID }}
      app_owner: ${{ github.repository_owner }}
    secrets:
      app_private_key: ${{ secrets.APP_PRIVATE_KEY }}
