name: update-flake-lock
on:
  workflow_dispatch: # allows manual triggering
  schedule:
    - cron: "0 10 1,14 * *"

jobs:
  update-flake-lock:
    runs-on: ubuntu-latest
    steps:
      - name: Setup SSH agent
        uses: webfactory/ssh-agent@v0.8.0
        with:
          ssh-private-key: ${{ secrets.SSH_ACTION_KEY }}
      - name: Checkout repository
        uses: actions/checkout@v4
      - name: Install Nix
        uses: cachix/install-nix-action@v24
      - name: Update flake.lock
        uses: DeterminateSystems/update-flake-lock@v20
        with:
          token: ${{ secrets.GH_ACCESS_TOKEN }}
          branch: update_flake_lock_action
          pr-title: "Update flake.lock"
          pr-labels: |
            dependencies
            automated
